
Microsoft Visual Studio Solution File, Format Version 12.00
# Visual Studio Version 16
VisualStudioVersion = 16.0.29306.81
MinimumVisualStudioVersion = 10.0.40219.1
Project("{FAE04EC0-301F-11D3-BF4B-00C04F79EFBC}") = "TiendaLuis2", "TiendaLuis2\TiendaLuis2.csproj", "{1600073A-3F97-413D-A762-1103CFD77625}"
EndProject
Global
	GlobalSection(SolutionConfigurationPlatforms) = preSolution
		Debug|Any CPU = Debug|Any CPU
		Release|Any CPU = Release|Any CPU
	EndGlobalSection
	GlobalSection(ProjectConfigurationPlatforms) = postSolution
		{1600073A-3F97-413D-A762-1103CFD77625}.Debug|Any CPU.ActiveCfg = Debug|Any CPU
		{1600073A-3F97-413D-A762-1103CFD77625}.Debug|Any CPU.Build.0 = Debug|Any CPU
		{1600073A-3F97-413D-A762-1103CFD77625}.Release|Any CPU.ActiveCfg = Release|Any CPU
		{1600073A-3F97-413D-A762-1103CFD77625}.Release|Any CPU.Build.0 = Release|Any CPU
	EndGlobalSection
	GlobalSection(SolutionProperties) = preSolution
		HideSolutionNode = FALSE
	EndGlobalSection
	GlobalSection(ExtensibilityGlobals) = postSolution
		SolutionGuid = {781CB4B2-05E9-4F0B-937A-2F9105A826B8}
	EndGlobalSection
EndGlobal
